dependencies:
  espressif/mdns:
    component_hash: 29e47564b1a7ee778135e17fbbf2a2773f71c97ebabfe626c8eda7c958a7ad16
    dependencies:
    - name: idf
      require: private
      version: '>=5.0'
    source:
      registry_url: https://components.espressif.com/
      type: service
    version: 1.9.1
  idf:
    source:
      type: idf
    version: 5.3.4
direct_dependencies:
- espressif/mdns
manifest_hash: 81a961cccb8b4d68a97196882f154b978432fe2f5a7da9d10bcff88add48f5f4
target: esp32s3
version: 2.0.0
